{
    "_readme": [
        "This file locks the dependencies of your project to a known state",
        "Read more about it at https://getcomposer.org/doc/01-basic-usage.md#installing-dependencies",
        "This file is @generated automatically"
    ],
    "content-hash": "943ce8e5ea933eb7e20b2b5997a3894c",
    "packages": [
        {
            "name": "aura/html",
            "version": "2.5.0",
            "source": {
                "type": "git",
                "url": "https://github.com/auraphp/Aura.Html.git",
                "reference": "eda14b491f45fe2e1d1fec3364b1c783d7b7da31"
            },
            "dist": {
                "type": "zip",
                "url": "https://api.github.com/repos/auraphp/Aura.Html/zipball/eda14b491f45fe2e1d1fec3364b1c783d7b7da31",
                "reference": "eda14b491f45fe2e1d1fec3364b1c783d7b7da31",
                "shasum": ""
            },
            "require": {
                "php": ">=5.3.0"
            },
            "require-dev": {
                "aura/di": "~2.0",
                "phpunit/phpunit": "~5.7 || ~4.8"
            },
            "type": "library",
            "extra": {
                "aura": {
                    "type": "library",
                    "config": {
                        "common": "Aura\\Html\\_Config\\Common"
                    }
                }
            },
            "autoload": {
                "psr-4": {
                    "Aura\\Html\\": "src/",
                    "Aura\\Html\\_Config\\": "config/"
                }
            },
            "notification-url": "https://packagist.org/downloads/",
            "license": [
                "BSD-2-Clause"
            ],
            "authors": [
                {
                    "name": "Aura.Html Contributors",
                    "homepage": "https://github.com/auraphp/Aura.Html/contributors"
                }
            ],
            "description": "Provides HTML escapers and helpers, including form input helpers.",
            "homepage": "https://github.com/auraphp/Aura.Html",
            "keywords": [
                "Escape",
                "escaper",
                "escapers",
                "escaping",
                "form",
                "helper",
                "helpers",
                "html",
                "input"
            ],
            "time": "2017-07-21T06:56:56+00:00"
        },
        {
            "name": "florianwolters/component-core-stringutils",
            "version": "v0.3.1",
            "source": {
                "type": "git",
                "url": "https://github.com/FlorianWolters/PHP-Component-Core-StringUtils.git",
                "reference": "51978fa9a4d30104192036f0b1f11fc1c3bc4667"
            },
            "dist": {
                "type": "zip",
                "url": "https://api.github.com/repos/FlorianWolters/PHP-Component-Core-StringUtils/zipball/51978fa9a4d30104192036f0b1f11fc1c3bc4667",
                "reference": "51978fa9a4d30104192036f0b1f11fc1c3bc4667",
                "shasum": ""
            },
            "require": {
                "php": ">=5.3"
            },
            "type": "library",
            "autoload": {
                "psr-0": {
                    "FlorianWolters": "src/php"
                }
            },
            "notification-url": "https://packagist.org/downloads/",
            "license": [
                "LGPL-3.0+"
            ],
            "authors": [
                {
                    "name": "Florian Wolters",
                    "email": "wolters.fl@gmail.com",
                    "homepage": "http://blog.florianwolters.de",
                    "role": "Developer"
                }
            ],
            "description": "Offers operations on the data type string as a PHP component.",
            "homepage": "http://github.com/FlorianWolters/PHP-Component-Core-StringUtils",
            "keywords": [
                "helper",
                "language",
                "string",
                "wrapper"
            ],
            "time": "2013-07-01T10:24:07+00:00"
        },
        {
            "name": "florianwolters/component-util-reflection",
            "version": "v0.2.0",
            "source": {
                "type": "git",
                "url": "https://github.com/FlorianWolters/PHP-Component-Util-Reflection.git",
                "reference": "ffc94b62e2834d7d0306374d952eda7a5abd1844"
            },
            "dist": {
                "type": "zip",
                "url": "https://api.github.com/repos/FlorianWolters/PHP-Component-Util-Reflection/zipball/ffc94b62e2834d7d0306374d952eda7a5abd1844",
                "reference": "ffc94b62e2834d7d0306374d952eda7a5abd1844",
                "shasum": ""
            },
            "require": {
                "florianwolters/component-core-stringutils": ">=0.2-beta",
                "php": ">=5.4"
            },
            "type": "library",
            "autoload": {
                "psr-0": {
                    "FlorianWolters": "src/php"
                }
            },
            "notification-url": "https://packagist.org/downloads/",
            "license": [
                "LGPL-3.0+"
            ],
            "authors": [
                {
                    "name": "Florian Wolters",
                    "email": "wolters.fl@gmail.com",
                    "homepage": "http://blog.florianwolters.de",
                    "role": "Developer"
                }
            ],
            "description": "Provides operations for the PHP Reflection API as a PHP component.",
            "homepage": "http://github.com/FlorianWolters/PHP-Component-Util-Reflection",
            "keywords": [
                "reflection",
                "utility"
            ],
            "time": "2013-03-19T16:42:41+00:00"
        },
        {
            "name": "florianwolters/component-util-singleton",
            "version": "v0.3.2",
            "source": {
                "type": "git",
                "url": "https://github.com/FlorianWolters/PHP-Component-Util-Singleton.git",
                "reference": "ab39ba531a38c3b76b4babb0035ce840cde7f443"
            },
            "dist": {
                "type": "zip",
                "url": "https://api.github.com/repos/FlorianWolters/PHP-Component-Util-Singleton/zipball/ab39ba531a38c3b76b4babb0035ce840cde7f443",
                "reference": "ab39ba531a38c3b76b4babb0035ce840cde7f443",
                "shasum": ""
            },
            "require": {
                "florianwolters/component-core-stringutils": "0.3.*",
                "florianwolters/component-util-reflection": "0.2.*",
                "php": ">=5.4"
            },
            "type": "library",
            "autoload": {
                "psr-0": {
                    "FlorianWolters": [
                        "src/php",
                        "src/tests/unit-tests/php",
                        "src/tests/mocks/php"
                    ]
                }
            },
            "notification-url": "https://packagist.org/downloads/",
            "license": [
                "LGPL-3.0+"
            ],
            "authors": [
                {
                    "name": "Florian Wolters",
                    "email": "wolters.fl@gmail.com",
                    "homepage": "http://blog.florianwolters.de",
                    "role": "Developer"
                }
            ],
            "description": "The Singleton (and Registry of Singletons a.k.a. Multiton) design pattern as a PHP component.",
            "homepage": "http://github.com/FlorianWolters/PHP-Component-Util-Singleton",
            "keywords": [
                "creation",
                "pattern",
                "singleton",
                "utility"
            ],
            "time": "2013-06-29T12:35:22+00:00"
        },
        {
            "name": "grottopress/form-field",
            "version": "v0.6.11",
            "source": {
                "type": "git",
                "url": "https://github.com/GrottoPress/form-field.git",
                "reference": "26365336ca60af4d7d5dbe51976d60ae56dd22f3"
            },
            "dist": {
                "type": "zip",
                "url": "https://api.github.com/repos/GrottoPress/form-field/zipball/26365336ca60af4d7d5dbe51976d60ae56dd22f3",
                "reference": "26365336ca60af4d7d5dbe51976d60ae56dd22f3",
                "shasum": ""
            },
            "require": {
                "aura/html": "^2.5",
                "grottopress/getter": "^0.3.7",
                "php": ">=7.0"
            },
            "require-dev": {
                "codeception/codeception": "^2.4"
            },
            "type": "library",
            "autoload": {
                "psr-4": {
                    "GrottoPress\\Form\\": "src/"
                }
            },
            "notification-url": "https://packagist.org/downloads/",
            "license": [
                "MIT"
            ],
            "authors": [
                {
                    "name": "GrottoPress.com",
                    "email": "info@grottopress.com",
                    "homepage": "https://www.grottopress.com"
                },
                {
                    "name": "N Atta Kusi Adusei",
                    "homepage": "https://twitter.com/akadusei",
                    "role": "Developer"
                }
            ],
            "description": "Render HTML form fields",
            "keywords": [
                "Forms",
                "html"
            ],
            "time": "2020-02-08T14:00:48+00:00"
        },
        {
            "name": "grottopress/getter",
            "version": "v0.3.8",
            "source": {
                "type": "git",
                "url": "https://github.com/GrottoPress/getter.git",
                "reference": "fbff8a65ea2d639cd4db7019fc2857e9dd140f81"
            },
            "dist": {
                "type": "zip",
                "url": "https://api.github.com/repos/GrottoPress/getter/zipball/fbff8a65ea2d639cd4db7019fc2857e9dd140f81",
                "reference": "fbff8a65ea2d639cd4db7019fc2857e9dd140f81",
                "shasum": ""
            },
            "require": {
                "php": ">=7.0"
            },
            "require-dev": {
                "codeception/codeception": "^2.3"
            },
            "type": "library",
            "autoload": {
                "psr-4": {
                    "GrottoPress\\Getter\\": "src/"
                }
            },
            "notification-url": "https://packagist.org/downloads/",
            "license": [
                "MIT"
            ],
            "authors": [
                {
                    "name": "GrottoPress.com",
                    "email": "info@grottopress.com",
                    "homepage": "https://www.grottopress.com"
                },
                {
                    "name": "N Atta Kusi Adusei",
                    "homepage": "https://twitter.com/akadusei",
                    "role": "Developer"
                }
            ],
            "description": "Get private object attributes directly, without calling getter methods.",
            "keywords": [
                "OOP",
                "getter"
            ],
            "time": "2020-02-08T13:51:10+00:00"
        },
        {
            "name": "grottopress/wordpress-field",
            "version": "v0.8.5",
            "source": {
                "type": "git",
                "url": "https://github.com/GrottoPress/wordpress-field.git",
                "reference": "33d18986c34fcd9783f187f52332d085d11150f7"
            },
            "dist": {
                "type": "zip",
                "url": "https://api.github.com/repos/GrottoPress/wordpress-field/zipball/33d18986c34fcd9783f187f52332d085d11150f7",
                "reference": "33d18986c34fcd9783f187f52332d085d11150f7",
                "shasum": ""
            },
            "require": {
                "grottopress/form-field": "^0.6",
                "php": ">=7.0"
            },
            "require-dev": {
                "codeception/codeception": "^2.4",
                "lucatume/function-mocker": "^1.3"
            },
            "type": "library",
            "autoload": {
                "psr-4": {
                    "GrottoPress\\WordPress\\Form\\": "src/lib/"
                }
            },
            "notification-url": "https://packagist.org/downloads/",
            "license": [
                "MIT"
            ],
            "authors": [
                {
                    "name": "GrottoPress.com",
                    "email": "info@grottopress.com",
                    "homepage": "https://www.grottopress.com"
                },
                {
                    "name": "N Atta Kusi Adusei",
                    "homepage": "https://twitter.com/akadusei",
                    "role": "Developer"
                }
            ],
            "description": "Render form fields in WordPress",
            "keywords": [
                "Forms",
                "wordpress"
            ],
            "time": "2020-03-11T13:56:16+00:00"
        },
        {
            "name": "grottopress/wordpress-suv",
            "version": "v0.7.0",
            "source": {
                "type": "git",
                "url": "https://github.com/GrottoPress/wordpress-suv.git",
                "reference": "ea6f6bfd90b25e894a603a738b68885fe0b5cdc4"
            },
            "dist": {
                "type": "zip",
                "url": "https://api.github.com/repos/GrottoPress/wordpress-suv/zipball/ea6f6bfd90b25e894a603a738b68885fe0b5cdc4",
                "reference": "ea6f6bfd90b25e894a603a738b68885fe0b5cdc4",
                "shasum": ""
            },
            "require": {
                "florianwolters/component-util-singleton": "^0.3",
                "grottopress/getter": "^0.3",
                "php": ">=7.0"
            },
            "type": "library",
            "autoload": {
                "psr-4": {
                    "GrottoPress\\WordPress\\SUV\\": "src/"
                }
            },
            "notification-url": "https://packagist.org/downloads/",
            "license": [
                "MIT"
            ],
            "authors": [
                {
                    "name": "GrottoPress.com",
                    "email": "info@grottopress.com",
                    "homepage": "https://www.grottopress.com"
                },
                {
                    "name": "N Atta Kusi Adusei",
                    "homepage": "https://twitter.com/akadusei",
                    "role": "Developer"
                }
            ],
            "description": "A scaffold for implementing the SUV architecture",
            "keywords": [
                "suv",
                "wordpress"
            ],
            "time": "2020-03-11T14:43:08+00:00"
        }
    ],
    "packages-dev": [],
    "aliases": [],
    "minimum-stability": "stable",
    "stability-flags": [],
    "prefer-stable": false,
    "prefer-lowest": false,
    "platform": {
        "php": ">=7.0"
    },
    "platform-dev": []
}
